// !$*UTF8*$!
{
	archiveVersion = 1;
	classes = {
	};
	objectVersion = 56;
	objects = {

/* Begin PBXBuildFile section */
		823715802C1318480040A468 /* RateMyWeekApp.swift in Sources */ = {isa = PBXBuildFile; fileRef = 8237157F2C1318480040A468 /* RateMyWeekApp.swift */; };
		823715822C1318480040A468 /* ContentView.swift in Sources */ = {isa = PBXBuildFile; fileRef = 823715812C1318480040A468 /* ContentView.swift */; };
		823715842C13184A0040A468 /* Assets.xcassets in Resources */ = {isa = PBXBuildFile; fileRef = 823715832C13184A0040A468 /* Assets.xcassets */; };
		823715872C13184A0040A468 /* Preview Assets.xcassets in Resources */ = {isa = PBXBuildFile; fileRef = 823715862C13184A0040A468 /* Preview Assets.xcassets */; };
		8237158E2C13F68C0040A468 /* Activity.swift in Sources */ = {isa = PBXBuildFile; fileRef = 8237158D2C13F68C0040A468 /* Activity.swift */; };
		823715902C13F73D0040A468 /* NewActivityView.swift in Sources */ = {isa = PBXBuildFile; fileRef = 8237158F2C13F73D0040A468 /* NewActivityView.swift */; };
		826A5B292C14B007004C79D8 /* Day.swift in Sources */ = {isa = PBXBuildFile; fileRef = 826A5B282C14B007004C79D8 /* Day.swift */; };
		826A5B2B2C3AADAF004C79D8 /* WeekWeightsView.swift in Sources */ = {isa = PBXBuildFile; fileRef = 826A5B2A2C3AADAF004C79D8 /* WeekWeightsView.swift */; };
		8296856A2C8395AD00A86D83 /* Week.swift in Sources */ = {isa = PBXBuildFile; fileRef = 829685692C8395AD00A86D83 /* Week.swift */; };
		82B99B992C68D516004D7F7B /* NotificationView.swift in Sources */ = {isa = PBXBuildFile; fileRef = 82B99B982C68D516004D7F7B /* NotificationView.swift */; };
		82D85CC92C3D47B600FED8E0 /* ActivityView.swift in Sources */ = {isa = PBXBuildFile; fileRef = 82D85CC82C3D47B600FED8E0 /* ActivityView.swift */; };
		82D85CCB2C3E9ABB00FED8E0 /* DaysCompletedListView.swift in Sources */ = {isa = PBXBuildFile; fileRef = 82D85CCA2C3E9ABB00FED8E0 /* DaysCompletedListView.swift */; };
		82D85CCD2C428BAA00FED8E0 /* OverallWeekScoreView.swift in Sources */ = {isa = PBXBuildFile; fileRef = 82D85CCC2C428BAA00FED8E0 /* OverallWeekScoreView.swift */; };
		82D85CCF2C43EFDC00FED8E0 /* GoalsView.swift in Sources */ = {isa = PBXBuildFile; fileRef = 82D85CCE2C43EFDC00FED8E0 /* GoalsView.swift */; };
		82D85CD12C43F12000FED8E0 /* StatsView.swift in Sources */ = {isa = PBXBuildFile; fileRef = 82D85CD02C43F12000FED8E0 /* StatsView.swift */; };
		82D85CD32C43F5B700FED8E0 /* LogView.swift in Sources */ = {isa = PBXBuildFile; fileRef = 82D85CD22C43F5B700FED8E0 /* LogView.swift */; };
		82D85CD52C447B1B00FED8E0 /* Goal.swift in Sources */ = {isa = PBXBuildFile; fileRef = 82D85CD42C447B1B00FED8E0 /* Goal.swift */; };
		82D85CD72C4580E600FED8E0 /* GoalDetailView.swift in Sources */ = {isa = PBXBuildFile; fileRef = 82D85CD62C4580E600FED8E0 /* GoalDetailView.swift */; };
		82D85CD92C4E6F5100FED8E0 /* WeekScores.swift in Sources */ = {isa = PBXBuildFile; fileRef = 82D85CD82C4E6F5100FED8E0 /* WeekScores.swift */; };
/* End PBXBuildFile section */

/* Begin PBXFileReference section */
		8237157C2C1318480040A468 /* RateMyWeek.app */ = {isa = PBXFileReference; explicitFileType = wrapper.application; includeInIndex = 0; path = RateMyWeek.app; sourceTree = BUILT_PRODUCTS_DIR; };
		8237157F2C1318480040A468 /* RateMyWeekApp.swift */ = {isa = PBXFileReference; lastKnownFileType = sourcecode.swift; path = RateMyWeekApp.swift; sourceTree = "<group>"; };
		823715812C1318480040A468 /* ContentView.swift */ = {isa = PBXFileReference; lastKnownFileType = sourcecode.swift; path = ContentView.swift; sourceTree = "<group>"; };
		823715832C13184A0040A468 /* Assets.xcassets */ = {isa = PBXFileReference; lastKnownFileType = folder.assetcatalog; path = Assets.xcassets; sourceTree = "<group>"; };
		823715862C13184A0040A468 /* Preview Assets.xcassets */ = {isa = PBXFileReference; lastKnownFileType = folder.assetcatalog; path = "Preview Assets.xcassets"; sourceTree = "<group>"; };
		8237158D2C13F68C0040A468 /* Activity.swift */ = {isa = PBXFileReference; lastKnownFileType = sourcecode.swift; path = Activity.swift; sourceTree = "<group>"; };
		8237158F2C13F73D0040A468 /* NewActivityView.swift */ = {isa = PBXFileReference; lastKnownFileType = sourcecode.swift; path = NewActivityView.swift; sourceTree = "<group>"; };
		826A5B282C14B007004C79D8 /* Day.swift */ = {isa = PBXFileReference; lastKnownFileType = sourcecode.swift; path = Day.swift; sourceTree = "<group>"; };
		826A5B2A2C3AADAF004C79D8 /* WeekWeightsView.swift */ = {isa = PBXFileReference; lastKnownFileType = sourcecode.swift; path = WeekWeightsView.swift; sourceTree = "<group>"; };
		829685692C8395AD00A86D83 /* Week.swift */ = {isa = PBXFileReference; lastKnownFileType = sourcecode.swift; path = Week.swift; sourceTree = "<group>"; };
		82B99B942C5CE1B2004D7F7B /* RateMyWeek.entitlements */ = {isa = PBXFileReference; lastKnownFileType = text.plist.entitlements; path = RateMyWeek.entitlements; sourceTree = "<group>"; };
		82B99B972C677B83004D7F7B /* Info.plist */ = {isa = PBXFileReference; lastKnownFileType = text.plist; path = Info.plist; sourceTree = "<group>"; };
		82B99B982C68D516004D7F7B /* NotificationView.swift */ = {isa = PBXFileReference; lastKnownFileType = sourcecode.swift; path = NotificationView.swift; sourceTree = "<group>"; };
		82D85CC82C3D47B600FED8E0 /* ActivityView.swift */ = {isa = PBXFileReference; lastKnownFileType = sourcecode.swift; path = ActivityView.swift; sourceTree = "<group>"; };
		82D85CCA2C3E9ABB00FED8E0 /* DaysCompletedListView.swift */ = {isa = PBXFileReference; lastKnownFileType = sourcecode.swift; path = DaysCompletedListView.swift; sourceTree = "<group>"; };
		82D85CCC2C428BAA00FED8E0 /* OverallWeekScoreView.swift */ = {isa = PBXFileReference; lastKnownFileType = sourcecode.swift; path = OverallWeekScoreView.swift; sourceTree = "<group>"; };
		82D85CCE2C43EFDC00FED8E0 /* GoalsView.swift */ = {isa = PBXFileReference; lastKnownFileType = sourcecode.swift; path = GoalsView.swift; sourceTree = "<group>"; };
		82D85CD02C43F12000FED8E0 /* StatsView.swift */ = {isa = PBXFileReference; lastKnownFileType = sourcecode.swift; path = StatsView.swift; sourceTree = "<group>"; };
		82D85CD22C43F5B700FED8E0 /* LogView.swift */ = {isa = PBXFileReference; lastKnownFileType = sourcecode.swift; path = LogView.swift; sourceTree = "<group>"; };
		82D85CD42C447B1B00FED8E0 /* Goal.swift */ = {isa = PBXFileReference; lastKnownFileType = sourcecode.swift; path = Goal.swift; sourceTree = "<group>"; };
		82D85CD62C4580E600FED8E0 /* GoalDetailView.swift */ = {isa = PBXFileReference; lastKnownFileType = sourcecode.swift; path = GoalDetailView.swift; sourceTree = "<group>"; };
		82D85CD82C4E6F5100FED8E0 /* WeekScores.swift */ = {isa = PBXFileReference; lastKnownFileType = sourcecode.swift; path = WeekScores.swift; sourceTree = "<group>"; };
/* End PBXFileReference section */

/* Begin PBXFrameworksBuildPhase section */
		823715792C1318480040A468 /* Frameworks */ = {
			isa = PBXFrameworksBuildPhase;
			buildActionMask = 2147483647;
			files = (
			);
			runOnlyForDeploymentPostprocessing = 0;
		};
/* End PBXFrameworksBuildPhase section */

/* Begin PBXGroup section */
		823715732C1318480040A468 = {
			isa = PBXGroup;
			children = (
				82D85CD62C4580E600FED8E0 /* GoalDetailView.swift */,
				82D85CD22C43F5B700FED8E0 /* LogView.swift */,
				82B99B982C68D516004D7F7B /* NotificationView.swift */,
				82D85CD82C4E6F5100FED8E0 /* WeekScores.swift */,
				829685692C8395AD00A86D83 /* Week.swift */,
				82D85CD02C43F12000FED8E0 /* StatsView.swift */,
				82D85CCE2C43EFDC00FED8E0 /* GoalsView.swift */,
				82D85CCC2C428BAA00FED8E0 /* OverallWeekScoreView.swift */,
				82D85CCA2C3E9ABB00FED8E0 /* DaysCompletedListView.swift */,
				82D85CC82C3D47B600FED8E0 /* ActivityView.swift */,
				8237157E2C1318480040A468 /* RateMyWeek */,
				8237157D2C1318480040A468 /* Products */,
			);
			sourceTree = "<group>";
		};
		8237157D2C1318480040A468 /* Products */ = {
			isa = PBXGroup;
			children = (
				8237157C2C1318480040A468 /* RateMyWeek.app */,
			);
			name = Products;
			sourceTree = "<group>";
		};
		8237157E2C1318480040A468 /* RateMyWeek */ = {
			isa = PBXGroup;
			children = (
				82B99B972C677B83004D7F7B /* Info.plist */,
				82B99B942C5CE1B2004D7F7B /* RateMyWeek.entitlements */,
				8237157F2C1318480040A468 /* RateMyWeekApp.swift */,
				823715812C1318480040A468 /* ContentView.swift */,
				826A5B2A2C3AADAF004C79D8 /* WeekWeightsView.swift */,
				826A5B282C14B007004C79D8 /* Day.swift */,
				82D85CD42C447B1B00FED8E0 /* Goal.swift */,
				8237158F2C13F73D0040A468 /* NewActivityView.swift */,
				823715832C13184A0040A468 /* Assets.xcassets */,
				8237158D2C13F68C0040A468 /* Activity.swift */,
				823715852C13184A0040A468 /* Preview Content */,
			);
			path = RateMyWeek;
			sourceTree = "<group>";
		};
		823715852C13184A0040A468 /* Preview Content */ = {
			isa = PBXGroup;
			children = (
				823715862C13184A0040A468 /* Preview Assets.xcassets */,
			);
			path = "Preview Content";
			sourceTree = "<group>";
		};
/* End PBXGroup section */

/* Begin PBXNativeTarget section */
		8237157B2C1318480040A468 /* RateMyWeek */ = {
			isa = PBXNativeTarget;
			buildConfigurationList = 8237158A2C13184A0040A468 /* Build configuration list for PBXNativeTarget "RateMyWeek" */;
			buildPhases = (
				823715782C1318480040A468 /* Sources */,
				823715792C1318480040A468 /* Frameworks */,
				8237157A2C1318480040A468 /* Resources */,
			);
			buildRules = (
			);
			dependencies = (
			);
			name = RateMyWeek;
			productName = RateMyWeek;
			productReference = 8237157C2C1318480040A468 /* RateMyWeek.app */;
			productType = "com.apple.product-type.application";
		};
/* End PBXNativeTarget section */

/* Begin PBXProject section */
		823715742C1318480040A468 /* Project object */ = {
			isa = PBXProject;
			attributes = {
				BuildIndependentTargetsInParallel = 1;
				LastSwiftUpdateCheck = 1520;
				LastUpgradeCheck = 1520;
				TargetAttributes = {
					8237157B2C1318480040A468 = {
						CreatedOnToolsVersion = 15.2;
					};
				};
			};
			buildConfigurationList = 823715772C1318480040A468 /* Build configuration list for PBXProject "RateMyWeek" */;
			compatibilityVersion = "Xcode 14.0";
			developmentRegion = en;
			hasScannedForEncodings = 0;
			knownRegions = (
				en,
				Base,
			);
			mainGroup = 823715732C1318480040A468;
			productRefGroup = 8237157D2C1318480040A468 /* Products */;
			projectDirPath = "";
			projectRoot = "";
			targets = (
				8237157B2C1318480040A468 /* RateMyWeek */,
			);
		};
/* End PBXProject section */

/* Begin PBXResourcesBuildPhase section */
		8237157A2C1318480040A468 /* Resources */ = {
			isa = PBXResourcesBuildPhase;
			buildActionMask = 2147483647;
			files = (
				823715872C13184A0040A468 /* Preview Assets.xcassets in Resources */,
				823715842C13184A0040A468 /* Assets.xcassets in Resources */,
			);
			runOnlyForDeploymentPostprocessing = 0;
		};
/* End PBXResourcesBuildPhase section */

/* Begin PBXSourcesBuildPhase section */
		823715782C1318480040A468 /* Sources */ = {
			isa = PBXSourcesBuildPhase;
			buildActionMask = 2147483647;
			files = (
				82D85CD12C43F12000FED8E0 /* StatsView.swift in Sources */,
				82D85CD32C43F5B700FED8E0 /* LogView.swift in Sources */,
				82D85CD72C4580E600FED8E0 /* GoalDetailView.swift in Sources */,
				82B99B992C68D516004D7F7B /* NotificationView.swift in Sources */,
				8237158E2C13F68C0040A468 /* Activity.swift in Sources */,
				82D85CCF2C43EFDC00FED8E0 /* GoalsView.swift in Sources */,
				823715822C1318480040A468 /* ContentView.swift in Sources */,
				823715902C13F73D0040A468 /* NewActivityView.swift in Sources */,
				82D85CCB2C3E9ABB00FED8E0 /* DaysCompletedListView.swift in Sources */,
				826A5B292C14B007004C79D8 /* Day.swift in Sources */,
				82D85CD52C447B1B00FED8E0 /* Goal.swift in Sources */,
				82D85CD92C4E6F5100FED8E0 /* WeekScores.swift in Sources */,
				82D85CCD2C428BAA00FED8E0 /* OverallWeekScoreView.swift in Sources */,
				8296856A2C8395AD00A86D83 /* Week.swift in Sources */,
				82D85CC92C3D47B600FED8E0 /* ActivityView.swift in Sources */,
				826A5B2B2C3AADAF004C79D8 /* WeekWeightsView.swift in Sources */,
				823715802C1318480040A468 /* RateMyWeekApp.swift in Sources */,
			);
			runOnlyForDeploymentPostprocessing = 0;
		};
/* End PBXSourcesBuildPhase section */

/* Begin XCBuildConfiguration section */
		823715882C13184A0040A468 /* Debug */ = {
			isa = XCBuildConfiguration;
			buildSettings = {
				ALWAYS_SEARCH_USER_PATHS = NO;
				ASSETCATALOG_COMPILER_GENERATE_SWIFT_ASSET_SYMBOL_EXTENSIONS = YES;
				CLANG_ANALYZER_NONNULL = YES;
				CLANG_ANALYZER_NUMBER_OBJECT_CONVERSION = YES_AGGRESSIVE;
				CLANG_CXX_LANGUAGE_STANDARD = "gnu++20";
				CLANG_ENABLE_MODULES = YES;
				CLANG_ENABLE_OBJC_ARC = YES;
				CLANG_ENABLE_OBJC_WEAK = YES;
				CLANG_WARN_BLOCK_CAPTURE_AUTORELEASING = YES;
				CLANG_WARN_BOOL_CONVERSION = YES;
				CLANG_WARN_COMMA = YES;
				CLANG_WARN_CONSTANT_CONVERSION = YES;
				CLANG_WARN_DEPRECATED_OBJC_IMPLEMENTATIONS = YES;
				CLANG_WARN_DIRECT_OBJC_ISA_USAGE = YES_ERROR;
				CLANG_WARN_DOCUMENTATION_COMMENTS = YES;
				CLANG_WARN_EMPTY_BODY = YES;
				CLANG_WARN_ENUM_CONVERSION = YES;
				CLANG_WARN_INFINITE_RECURSION = YES;
				CLANG_WARN_INT_CONVERSION = YES;
				CLANG_WARN_NON_LITERAL_NULL_CONVERSION = YES;
				CLANG_WARN_OBJC_IMPLICIT_RETAIN_SELF = YES;
				CLANG_WARN_OBJC_LITERAL_CONVERSION = YES;
				CLANG_WARN_OBJC_ROOT_CLASS = YES_ERROR;
				CLANG_WARN_QUOTED_INCLUDE_IN_FRAMEWORK_HEADER = YES;
				CLANG_WARN_RANGE_LOOP_ANALYSIS = YES;
				CLANG_WARN_STRICT_PROTOTYPES = YES;
				CLANG_WARN_SUSPICIOUS_MOVE = YES;
				CLANG_WARN_UNGUARDED_AVAILABILITY = YES_AGGRESSIVE;
				CLANG_WARN_UNREACHABLE_CODE = YES;
				CLANG_WARN__DUPLICATE_METHOD_MATCH = YES;
				COPY_PHASE_STRIP = NO;
				DEBUG_INFORMATION_FORMAT = dwarf;
				ENABLE_STRICT_OBJC_MSGSEND = YES;
				ENABLE_TESTABILITY = YES;
				ENABLE_USER_SCRIPT_SANDBOXING = YES;
				GCC_C_LANGUAGE_STANDARD = gnu17;
				GCC_DYNAMIC_NO_PIC = NO;
				GCC_NO_COMMON_BLOCKS = YES;
				GCC_OPTIMIZATION_LEVEL = 0;
				GCC_PREPROCESSOR_DEFINITIONS = (
					"DEBUG=1",
					"$(inherited)",
				);
				GCC_WARN_64_TO_32_BIT_CONVERSION = YES;
				GCC_WARN_ABOUT_RETURN_TYPE = YES_ERROR;
				GCC_WARN_UNDECLARED_SELECTOR = YES;
				GCC_WARN_UNINITIALIZED_AUTOS = YES_AGGRESSIVE;
				GCC_WARN_UNUSED_FUNCTION = YES;
				GCC_WARN_UNUSED_VARIABLE = YES;
				IPHONEOS_DEPLOYMENT_TARGET = 17.2;
				LOCALIZATION_PREFERS_STRING_CATALOGS = YES;
				MTL_ENABLE_DEBUG_INFO = INCLUDE_SOURCE;
				MTL_FAST_MATH = YES;
				ONLY_ACTIVE_ARCH = YES;
				SDKROOT = iphoneos;
				SWIFT_ACTIVE_COMPILATION_CONDITIONS = "DEBUG $(inherited)";
				SWIFT_OPTIMIZATION_LEVEL = "-Onone";
			};
			name = Debug;
		};
		823715892C13184A0040A468 /* Release */ = {
			isa = XCBuildConfiguration;
			buildSettings = {
				ALWAYS_SEARCH_USER_PATHS = NO;
				ASSETCATALOG_COMPILER_GENERATE_SWIFT_ASSET_SYMBOL_EXTENSIONS = YES;
				CLANG_ANALYZER_NONNULL = YES;
				CLANG_ANALYZER_NUMBER_OBJECT_CONVERSION = YES_AGGRESSIVE;
				CLANG_CXX_LANGUAGE_STANDARD = "gnu++20";
				CLANG_ENABLE_MODULES = YES;
				CLANG_ENABLE_OBJC_ARC = YES;
				CLANG_ENABLE_OBJC_WEAK = YES;
				CLANG_WARN_BLOCK_CAPTURE_AUTORELEASING = YES;
				CLANG_WARN_BOOL_CONVERSION = YES;
				CLANG_WARN_COMMA = YES;
				CLANG_WARN_CONSTANT_CONVERSION = YES;
				CLANG_WARN_DEPRECATED_OBJC_IMPLEMENTATIONS = YES;
				CLANG_WARN_DIRECT_OBJC_ISA_USAGE = YES_ERROR;
				CLANG_WARN_DOCUMENTATION_COMMENTS = YES;
				CLANG_WARN_EMPTY_BODY = YES;
				CLANG_WARN_ENUM_CONVERSION = YES;
				CLANG_WARN_INFINITE_RECURSION = YES;
				CLANG_WARN_INT_CONVERSION = YES;
				CLANG_WARN_NON_LITERAL_NULL_CONVERSION = YES;
				CLANG_WARN_OBJC_IMPLICIT_RETAIN_SELF = YES;
				CLANG_WARN_OBJC_LITERAL_CONVERSION = YES;
				CLANG_WARN_OBJC_ROOT_CLASS = YES_ERROR;
				CLANG_WARN_QUOTED_INCLUDE_IN_FRAMEWORK_HEADER = YES;
				CLANG_WARN_RANGE_LOOP_ANALYSIS = YES;
				CLANG_WARN_STRICT_PROTOTYPES = YES;
				CLANG_WARN_SUSPICIOUS_MOVE = YES;
				CLANG_WARN_UNGUARDED_AVAILABILITY = YES_AGGRESSIVE;
				CLANG_WARN_UNREACHABLE_CODE = YES;
				CLANG_WARN__DUPLICATE_METHOD_MATCH = YES;
				COPY_PHASE_STRIP = NO;
				DEBUG_INFORMATION_FORMAT = "dwarf-with-dsym";
				ENABLE_NS_ASSERTIONS = NO;
				ENABLE_STRICT_OBJC_MSGSEND = YES;
				ENABLE_USER_SCRIPT_SANDBOXING = YES;
				GCC_C_LANGUAGE_STANDARD = gnu17;
				GCC_NO_COMMON_BLOCKS = YES;
				GCC_WARN_64_TO_32_BIT_CONVERSION = YES;
				GCC_WARN_ABOUT_RETURN_TYPE = YES_ERROR;
				GCC_WARN_UNDECLARED_SELECTOR = YES;
				GCC_WARN_UNINITIALIZED_AUTOS = YES_AGGRESSIVE;
				GCC_WARN_UNUSED_FUNCTION = YES;
				GCC_WARN_UNUSED_VARIABLE = YES;
				IPHONEOS_DEPLOYMENT_TARGET = 17.2;
				LOCALIZATION_PREFERS_STRING_CATALOGS = YES;
				MTL_ENABLE_DEBUG_INFO = NO;
				MTL_FAST_MATH = YES;
				SDKROOT = iphoneos;
				SWIFT_COMPILATION_MODE = wholemodule;
				VALIDATE_PRODUCT = YES;
			};
			name = Release;
		};
		8237158B2C13184A0040A468 /* Debug */ = {
			isa = XCBuildConfiguration;
			buildSettings = {
				ASSETCATALOG_COMPILER_APPICON_NAME = AppIcon;
				ASSETCATALOG_COMPILER_GLOBAL_ACCENT_COLOR_NAME = AccentColor;
				CODE_SIGN_ENTITLEMENTS = RateMyWeek/RateMyWeek.entitlements;
				CODE_SIGN_STYLE = Automatic;
				CURRENT_PROJECT_VERSION = 1;
				DEVELOPMENT_ASSET_PATHS = "\"RateMyWeek/Preview Content\"";
				DEVELOPMENT_TEAM = 2PF93522V9;
				ENABLE_PREVIEWS = YES;
				GENERATE_INFOPLIST_FILE = YES;
				INFOPLIST_FILE = RateMyWeek/Info.plist;
				INFOPLIST_KEY_LSApplicationCategoryType = "public.app-category.productivity";
				INFOPLIST_KEY_UIApplicationSceneManifest_Generation = YES;
				INFOPLIST_KEY_UIApplicationSupportsIndirectInputEvents = YES;
				INFOPLIST_KEY_UISupportedInterfaceOrientations_iPad = "UIInterfaceOrientationPortrait UIInterfaceOrientationPortraitUpsideDown UIInterfaceOrientationLandscapeLeft UIInterfaceOrientationLandscapeRight";
				INFOPLIST_KEY_UISupportedInterfaceOrientations_iPhone = "UIInterfaceOrientationPortrait UIInterfaceOrientationLandscapeLeft UIInterfaceOrientationLandscapeRight";
				LD_RUNPATH_SEARCH_PATHS = (
					"$(inherited)",
					"@executable_path/Frameworks",
				);
				MARKETING_VERSION = 1.0.3;
				PRODUCT_BUNDLE_IDENTIFIER = com.emile.jardel.RateMyWeek;
				PRODUCT_NAME = "$(TARGET_NAME)";
				SWIFT_EMIT_LOC_STRINGS = YES;
				SWIFT_VERSION = 5.0;
				TARGETED_DEVICE_FAMILY = "1,2";
			};
			name = Debug;
		};
		8237158C2C13184A0040A468 /* Release */ = {
			isa = XCBuildConfiguration;
			buildSettings = {
				ASSETCATALOG_COMPILER_APPICON_NAME = AppIcon;
				ASSETCATALOG_COMPILER_GLOBAL_ACCENT_COLOR_NAME = AccentColor;
				CODE_SIGN_ENTITLEMENTS = RateMyWeek/RateMyWeek.entitlements;
				CODE_SIGN_STYLE = Automatic;
				CURRENT_PROJECT_VERSION = 1;
				DEVELOPMENT_ASSET_PATHS = "\"RateMyWeek/Preview Content\"";
				DEVELOPMENT_TEAM = 2PF93522V9;
				ENABLE_PREVIEWS = YES;
				GENERATE_INFOPLIST_FILE = YES;
				INFOPLIST_FILE = RateMyWeek/Info.plist;
				INFOPLIST_KEY_LSApplicationCategoryType = "public.app-category.productivity";
				INFOPLIST_KEY_UIApplicationSceneManifest_Generation = YES;
				INFOPLIST_KEY_UIApplicationSupportsIndirectInputEvents = YES;
				INFOPLIST_KEY_UISupportedInterfaceOrientations_iPad = "UIInterfaceOrientationPortrait UIInterfaceOrientationPortraitUpsideDown UIInterfaceOrientationLandscapeLeft UIInterfaceOrientationLandscapeRight";
				INFOPLIST_KEY_UISupportedInterfaceOrientations_iPhone = "UIInterfaceOrientationPortrait UIInterfaceOrientationLandscapeLeft UIInterfaceOrientationLandscapeRight";
				LD_RUNPATH_SEARCH_PATHS = (
					"$(inherited)",
					"@executable_path/Frameworks",
				);
				MARKETING_VERSION = 1.0.3;
				PRODUCT_BUNDLE_IDENTIFIER = com.emile.jardel.RateMyWeek;
				PRODUCT_NAME = "$(TARGET_NAME)";
				SWIFT_EMIT_LOC_STRINGS = YES;
				SWIFT_VERSION = 5.0;
				TARGETED_DEVICE_FAMILY = "1,2";
			};
			name = Release;
		};
/* End XCBuildConfiguration section */

/* Begin XCConfigurationList section */
		823715772C1318480040A468 /* Build configuration list for PBXProject "RateMyWeek" */ = {
			isa = XCConfigurationList;
			buildConfigurations = (
				823715882C13184A0040A468 /* Debug */,
				823715892C13184A0040A468 /* Release */,
			);
			defaultConfigurationIsVisible = 0;
			defaultConfigurationName = Release;
		};
		8237158A2C13184A0040A468 /* Build configuration list for PBXNativeTarget "RateMyWeek" */ = {
			isa = XCConfigurationList;
			buildConfigurations = (
				8237158B2C13184A0040A468 /* Debug */,
				8237158C2C13184A0040A468 /* Release */,
			);
			defaultConfigurationIsVisible = 0;
			defaultConfigurationName = Release;
		};
/* End XCConfigurationList section */
	};
	rootObject = 823715742C1318480040A468 /* Project object */;
}
